
Microsoft Visual Studio Solution File, Format Version 12.00
# Visual Studio Version 16
VisualStudioVersion = 16.0.29102.190
MinimumVisualStudioVersion = 10.0.40219.1
Project("{FAE04EC0-301F-11D3-BF4B-00C04F79EFBC}") = "TipShared.Android", "TipShared.Android\TipShared.Android.csproj", "{E5C4FD78-DFA2-4B8E-A613-2CE6C755913C}"
EndProject
Project("{FAE04EC0-301F-11D3-BF4B-00C04F79EFBC}") = "TipShared", "TipShared\TipShared.csproj", "{E20DB6B6-947F-4317-9C8B-4DB2567EDC16}"
EndProject
Global
	GlobalSection(SolutionConfigurationPlatforms) = preSolution
		Debug|Any CPU = Debug|Any CPU
		Release|Any CPU = Release|Any CPU
	EndGlobalSection
	GlobalSection(ProjectConfigurationPlatforms) = postSolution
		{E5C4FD78-DFA2-4B8E-A613-2CE6C755913C}.Debug|Any CPU.ActiveCfg = Debug|Any CPU
		{E5C4FD78-DFA2-4B8E-A613-2CE6C755913C}.Debug|Any CPU.Build.0 = Debug|Any CPU
		{E5C4FD78-DFA2-4B8E-A613-2CE6C755913C}.Debug|Any CPU.Deploy.0 = Debug|Any CPU
		{E5C4FD78-DFA2-4B8E-A613-2CE6C755913C}.Release|Any CPU.ActiveCfg = Release|Any CPU
		{E5C4FD78-DFA2-4B8E-A613-2CE6C755913C}.Release|Any CPU.Build.0 = Release|Any CPU
		{E5C4FD78-DFA2-4B8E-A613-2CE6C755913C}.Release|Any CPU.Deploy.0 = Release|Any CPU
		{E20DB6B6-947F-4317-9C8B-4DB2567EDC16}.Debug|Any CPU.ActiveCfg = Debug|Any CPU
		{E20DB6B6-947F-4317-9C8B-4DB2567EDC16}.Debug|Any CPU.Build.0 = Debug|Any CPU
		{E20DB6B6-947F-4317-9C8B-4DB2567EDC16}.Debug|Any CPU.Deploy.0 = Debug|Any CPU
		{E20DB6B6-947F-4317-9C8B-4DB2567EDC16}.Release|Any CPU.ActiveCfg = Release|Any CPU
		{E20DB6B6-947F-4317-9C8B-4DB2567EDC16}.Release|Any CPU.Build.0 = Release|Any CPU
		{E20DB6B6-947F-4317-9C8B-4DB2567EDC16}.Release|Any CPU.Deploy.0 = Release|Any CPU
	EndGlobalSection
	GlobalSection(SolutionProperties) = preSolution
		HideSolutionNode = FALSE
	EndGlobalSection
	GlobalSection(ExtensibilityGlobals) = postSolution
		SolutionGuid = {8B19016A-841C-4741-A537-30CD5796628B}
	EndGlobalSection
EndGlobal
