
Microsoft Visual Studio Solution File, Format Version 12.00
# Visual Studio Version 16
VisualStudioVersion = 16.0.29209.62
MinimumVisualStudioVersion = 10.0.40219.1
Project("{FAE04EC0-301F-11D3-BF4B-00C04F79EFBC}") = "PluralMvc", "PluralMvc.csproj", "{A21FDFD9-6A18-4E6C-AA64-78B5B619D0DB}"
EndProject
Global
	GlobalSection(SolutionConfigurationPlatforms) = preSolution
		Debug|Any CPU = Debug|Any CPU
		Release|Any CPU = Release|Any CPU
	EndGlobalSection
	GlobalSection(ProjectConfigurationPlatforms) = postSolution
		{A21FDFD9-6A18-4E6C-AA64-78B5B619D0DB}.Debug|Any CPU.ActiveCfg = Debug|Any CPU
		{A21FDFD9-6A18-4E6C-AA64-78B5B619D0DB}.Debug|Any CPU.Build.0 = Debug|Any CPU
		{A21FDFD9-6A18-4E6C-AA64-78B5B619D0DB}.Release|Any CPU.ActiveCfg = Release|Any CPU
		{A21FDFD9-6A18-4E6C-AA64-78B5B619D0DB}.Release|Any CPU.Build.0 = Release|Any CPU
	EndGlobalSection
	GlobalSection(SolutionProperties) = preSolution
		HideSolutionNode = FALSE
	EndGlobalSection
	GlobalSection(ExtensibilityGlobals) = postSolution
		SolutionGuid = {228859B6-EDA2-42A6-A004-78AF0C87D0C6}
	EndGlobalSection
EndGlobal
