
Microsoft Visual Studio Solution File, Format Version 12.00
# Visual Studio Version 16
VisualStudioVersion = 16.0.29123.88
MinimumVisualStudioVersion = 10.0.40219.1
Project("{FAE04EC0-301F-11D3-BF4B-00C04F79EFBC}") = "CoreOne", "CoreOne.csproj", "{2083DB1A-6D8A-4B63-8B28-44D245651E7D}"
EndProject
Project("{FAE04EC0-301F-11D3-BF4B-00C04F79EFBC}") = "CoreOne.Core", "..\CoreOne.Core\CoreOne.Core.csproj", "{50C2E879-316F-4052-89A8-E648C51497C9}"
EndProject
Project("{FAE04EC0-301F-11D3-BF4B-00C04F79EFBC}") = "CoreOne.Data", "..\CoreOne.Data\CoreOne.Data.csproj", "{1F8BF7DF-BC33-4CA5-BC76-1FEC6530C187}"
EndProject
Global
	GlobalSection(SolutionConfigurationPlatforms) = preSolution
		Debug|Any CPU = Debug|Any CPU
		Release|Any CPU = Release|Any CPU
	EndGlobalSection
	GlobalSection(ProjectConfigurationPlatforms) = postSolution
		{2083DB1A-6D8A-4B63-8B28-44D245651E7D}.Debug|Any CPU.ActiveCfg = Debug|Any CPU
		{2083DB1A-6D8A-4B63-8B28-44D245651E7D}.Debug|Any CPU.Build.0 = Debug|Any CPU
		{2083DB1A-6D8A-4B63-8B28-44D245651E7D}.Release|Any CPU.ActiveCfg = Release|Any CPU
		{2083DB1A-6D8A-4B63-8B28-44D245651E7D}.Release|Any CPU.Build.0 = Release|Any CPU
		{50C2E879-316F-4052-89A8-E648C51497C9}.Debug|Any CPU.ActiveCfg = Debug|Any CPU
		{50C2E879-316F-4052-89A8-E648C51497C9}.Debug|Any CPU.Build.0 = Debug|Any CPU
		{50C2E879-316F-4052-89A8-E648C51497C9}.Release|Any CPU.ActiveCfg = Release|Any CPU
		{50C2E879-316F-4052-89A8-E648C51497C9}.Release|Any CPU.Build.0 = Release|Any CPU
		{1F8BF7DF-BC33-4CA5-BC76-1FEC6530C187}.Debug|Any CPU.ActiveCfg = Debug|Any CPU
		{1F8BF7DF-BC33-4CA5-BC76-1FEC6530C187}.Debug|Any CPU.Build.0 = Debug|Any CPU
		{1F8BF7DF-BC33-4CA5-BC76-1FEC6530C187}.Release|Any CPU.ActiveCfg = Release|Any CPU
		{1F8BF7DF-BC33-4CA5-BC76-1FEC6530C187}.Release|Any CPU.Build.0 = Release|Any CPU
	EndGlobalSection
	GlobalSection(SolutionProperties) = preSolution
		HideSolutionNode = FALSE
	EndGlobalSection
	GlobalSection(ExtensibilityGlobals) = postSolution
		SolutionGuid = {ABA43D20-C045-47E8-8502-E82706AEEC52}
	EndGlobalSection
EndGlobal
